// !$*UTF8*$!
{
	archiveVersion = 1;
	classes = {
	};
	objectVersion = 77;
	objects = {

/* Begin PBXBuildFile section */
		9158DD102F53AFB60015B336 /* FirebaseCore in Frameworks */ = {isa = PBXBuildFile; productRef = 9158DCC12F539B4E0015B336 /* FirebaseCore */; };
		9158DD112F53AFB60015B336 /* FirebaseAuth in Frameworks */ = {isa = PBXBuildFile; productRef = 9158DCC32F539B4E0015B336 /* FirebaseAuth */; };
		9158DD122F53AFB60015B336 /* FirebaseFirestore in Frameworks */ = {isa = PBXBuildFile; productRef = 9158DCC22F539B4E0015B336 /* FirebaseFirestore */; };
		9158DD132F53AFB60015B336 /* FirebaseMessaging in Frameworks */ = {isa = PBXBuildFile; productRef = 9158DCC52F539B4E0015B336 /* FirebaseMessaging */; };
		9158DD142F53AFB60015B336 /* FirebaseStorage in Frameworks */ = {isa = PBXBuildFile; productRef = 9158DCC42F539B4E0015B336 /* FirebaseStorage */; };
/* End PBXBuildFile section */

/* Begin PBXContainerItemProxy section */
		9158DC9E2F539B4D0015B336 /* PBXContainerItemProxy */ = {
			isa = PBXContainerItemProxy;
			containerPortal = 9158DC862F539B4B0015B336 /* Project object */;
			proxyType = 1;
			remoteGlobalIDString = 9158DC8D2F539B4B0015B336;
			remoteInfo = Testinging;
		};
		9158DCA82F539B4D0015B336 /* PBXContainerItemProxy */ = {
			isa = PBXContainerItemProxy;
			containerPortal = 9158DC862F539B4B0015B336 /* Project object */;
			proxyType = 1;
			remoteGlobalIDString = 9158DC8D2F539B4B0015B336;
			remoteInfo = Testinging;
		};
/* End PBXContainerItemProxy section */

/* Begin PBXFileReference section */
		9158DC8E2F539B4B0015B336 /* Testinging.app */ = {isa = PBXFileReference; explicitFileType = wrapper.application; includeInIndex = 0; path = Testinging.app; sourceTree = BUILT_PRODUCTS_DIR; };
		9158DC9D2F539B4D0015B336 /* TestingingTests.xctest */ = {isa = PBXFileReference; explicitFileType = wrapper.cfbundle; includeInIndex = 0; path = TestingingTests.xctest; sourceTree = BUILT_PRODUCTS_DIR; };
		9158DCA72F539B4D0015B336 /* TestingingUITests.xctest */ = {isa = PBXFileReference; explicitFileType = wrapper.cfbundle; includeInIndex = 0; path = TestingingUITests.xctest; sourceTree = BUILT_PRODUCTS_DIR; };
/* End PBXFileReference section */

/* Begin PBXFileSystemSynchronizedRootGroup section */
		9158DC902F539B4B0015B336 /* Testinging */ = {
			isa = PBXFileSystemSynchronizedRootGroup;
			path = Testinging;
			sourceTree = "<group>";
		};
		9158DCA02F539B4D0015B336 /* TestingingTests */ = {
			isa = PBXFileSystemSynchronizedRootGroup;
			path = TestingingTests;
			sourceTree = "<group>";
		};
		9158DCAA2F539B4D0015B336 /* TestingingUITests */ = {
			isa = PBXFileSystemSynchronizedRootGroup;
			path = TestingingUITests;
			sourceTree = "<group>";
		};
/* End PBXFileSystemSynchronizedRootGroup section */

/* Begin PBXFrameworksBuildPhase section */
		9158DC8B2F539B4B0015B336 /* Frameworks */ = {
			isa = PBXFrameworksBuildPhase;
			buildActionMask = 2147483647;
			files = (
				9158DD142F53AFB60015B336 /* FirebaseStorage in Frameworks */,
				9158DD132F53AFB60015B336 /* FirebaseMessaging in Frameworks */,
				9158DD122F53AFB60015B336 /* FirebaseFirestore in Frameworks */,
				9158DD112F53AFB60015B336 /* FirebaseAuth in Frameworks */,
				9158DD102F53AFB60015B336 /* FirebaseCore in Frameworks */,
			);
			runOnlyForDeploymentPostprocessing = 0;
		};
		9158DC9A2F539B4D0015B336 /* Frameworks */ = {
			isa = PBXFrameworksBuildPhase;
			buildActionMask = 2147483647;
			files = (
			);
			runOnlyForDeploymentPostprocessing = 0;
		};
		9158DCA42F539B4D0015B336 /* Frameworks */ = {
			isa = PBXFrameworksBuildPhase;
			buildActionMask = 2147483647;
			files = (
			);
			runOnlyForDeploymentPostprocessing = 0;
		};
/* End PBXFrameworksBuildPhase section */

/* Begin PBXGroup section */
		9158DC852F539B4B0015B336 = {
			isa = PBXGroup;
			children = (
				9158DC902F539B4B0015B336 /* Testinging */,
				9158DCA02F539B4D0015B336 /* TestingingTests */,
				9158DCAA2F539B4D0015B336 /* TestingingUITests */,
				9158DC8F2F539B4B0015B336 /* Products */,
			);
			sourceTree = "<group>";
		};
		9158DC8F2F539B4B0015B336 /* Products */ = {
			isa = PBXGroup;
			children = (
				9158DC8E2F539B4B0015B336 /* Testinging.app */,
				9158DC9D2F539B4D0015B336 /* TestingingTests.xctest */,
				9158DCA72F539B4D0015B336 /* TestingingUITests.xctest */,
			);
			name = Products;
			sourceTree = "<group>";
		};
/* End PBXGroup section */

/* Begin PBXNativeTarget section */
		9158DC8D2F539B4B0015B336 /* Testinging */ = {
			isa = PBXNativeTarget;
			buildConfigurationList = 9158DCB12F539B4D0015B336 /* Build configuration list for PBXNativeTarget "Testinging" */;
			buildPhases = (
				9158DC8A2F539B4B0015B336 /* Sources */,
				9158DC8B2F539B4B0015B336 /* Frameworks */,
				9158DC8C2F539B4B0015B336 /* Resources */,
			);
			buildRules = (
			);
			dependencies = (
			);
			fileSystemSynchronizedGroups = (
				9158DC902F539B4B0015B336 /* Testinging */,
			);
			name = Testinging;
			packageProductDependencies = (
				9158DCC12F539B4E0015B336 /* FirebaseCore */,
				9158DCC32F539B4E0015B336 /* FirebaseAuth */,
				9158DCC22F539B4E0015B336 /* FirebaseFirestore */,
				9158DCC52F539B4E0015B336 /* FirebaseMessaging */,
				9158DCC42F539B4E0015B336 /* FirebaseStorage */,
			);
			productName = Testinging;
			productReference = 9158DC8E2F539B4B0015B336 /* Testinging.app */;
			productType = "com.apple.product-type.application";
		};
		9158DC9C2F539B4D0015B336 /* TestingingTests */ = {
			isa = PBXNativeTarget;
			buildConfigurationList = 9158DCB42F539B4D0015B336 /* Build configuration list for PBXNativeTarget "TestingingTests" */;
			buildPhases = (
				9158DC992F539B4D0015B336 /* Sources */,
				9158DC9A2F539B4D0015B336 /* Frameworks */,
				9158DC9B2F539B4D0015B336 /* Resources */,
			);
			buildRules = (
			);
			dependencies = (
				9158DC9F2F539B4D0015B336 /* PBXTargetDependency */,
			);
			fileSystemSynchronizedGroups = (
				9158DCA02F539B4D0015B336 /* TestingingTests */,
			);
			name = TestingingTests;
			packageProductDependencies = (
			);
			productName = TestingingTests;
			productReference = 9158DC9D2F539B4D0015B336 /* TestingingTests.xctest */;
			productType = "com.apple.product-type.bundle.unit-test";
		};
		9158DCA62F539B4D0015B336 /* TestingingUITests */ = {
			isa = PBXNativeTarget;
			buildConfigurationList = 9158DCB72F539B4D0015B336 /* Build configuration list for PBXNativeTarget "TestingingUITests" */;
			buildPhases = (
				9158DCA32F539B4D0015B336 /* Sources */,
				9158DCA42F539B4D0015B336 /* Frameworks */,
				9158DCA52F539B4D0015B336 /* Resources */,
			);
			buildRules = (
			);
			dependencies = (
				9158DCA92F539B4D0015B336 /* PBXTargetDependency */,
			);
			fileSystemSynchronizedGroups = (
				9158DCAA2F539B4D0015B336 /* TestingingUITests */,
			);
			name = TestingingUITests;
			packageProductDependencies = (
			);
			productName = TestingingUITests;
			productReference = 9158DCA72F539B4D0015B336 /* TestingingUITests.xctest */;
			productType = "com.apple.product-type.bundle.ui-testing";
		};
/* End PBXNativeTarget section */

/* Begin PBXProject section */
		9158DC862F539B4B0015B336 /* Project object */ = {
			isa = PBXProject;
			attributes = {
				BuildIndependentTargetsInParallel = 1;
				LastSwiftUpdateCheck = 2630;
				LastUpgradeCheck = 2630;
				TargetAttributes = {
					9158DC8D2F539B4B0015B336 = {
						CreatedOnToolsVersion = 26.3;
					};
					9158DC9C2F539B4D0015B336 = {
						CreatedOnToolsVersion = 26.3;
						TestTargetID = 9158DC8D2F539B4B0015B336;
					};
					9158DCA62F539B4D0015B336 = {
						CreatedOnToolsVersion = 26.3;
						TestTargetID = 9158DC8D2F539B4B0015B336;
					};
				};
			};
			buildConfigurationList = 9158DC892F539B4B0015B336 /* Build configuration list for PBXProject "Testinging" */;
			developmentRegion = en;
			hasScannedForEncodings = 0;
			knownRegions = (
				en,
				Base,
			);
			mainGroup = 9158DC852F539B4B0015B336;
			minimizedProjectReferenceProxies = 1;
			packageReferences = (
				9158DCC02F539B4E0015B336 /* XCRemoteSwiftPackageReference "firebase-ios-sdk" */,
			);
			preferredProjectObjectVersion = 77;
			productRefGroup = 9158DC8F2F539B4B0015B336 /* Products */;
			projectDirPath = "";
			projectRoot = "";
			targets = (
				9158DC8D2F539B4B0015B336 /* Testinging */,
				9158DC9C2F539B4D0015B336 /* TestingingTests */,
				9158DCA62F539B4D0015B336 /* TestingingUITests */,
			);
		};
/* End PBXProject section */

/* Begin PBXResourcesBuildPhase section */
		9158DC8C2F539B4B0015B336 /* Resources */ = {
			isa = PBXResourcesBuildPhase;
			buildActionMask = 2147483647;
			files = (
			);
			runOnlyForDeploymentPostprocessing = 0;
		};
		9158DC9B2F539B4D0015B336 /* Resources */ = {
			isa = PBXResourcesBuildPhase;
			buildActionMask = 2147483647;
			files = (
			);
			runOnlyForDeploymentPostprocessing = 0;
		};
		9158DCA52F539B4D0015B336 /* Resources */ = {
			isa = PBXResourcesBuildPhase;
			buildActionMask = 2147483647;
			files = (
			);
			runOnlyForDeploymentPostprocessing = 0;
		};
/* End PBXResourcesBuildPhase section */

/* Begin PBXSourcesBuildPhase section */
		9158DC8A2F539B4B0015B336 /* Sources */ = {
			isa = PBXSourcesBuildPhase;
			buildActionMask = 2147483647;
			files = (
			);
			runOnlyForDeploymentPostprocessing = 0;
		};
		9158DC992F539B4D0015B336 /* Sources */ = {
			isa = PBXSourcesBuildPhase;
			buildActionMask = 2147483647;
			files = (
			);
			runOnlyForDeploymentPostprocessing = 0;
		};
		9158DCA32F539B4D0015B336 /* Sources */ = {
			isa = PBXSourcesBuildPhase;
			buildActionMask = 2147483647;
			files = (
			);
			runOnlyForDeploymentPostprocessing = 0;
		};
/* End PBXSourcesBuildPhase section */

/* Begin PBXTargetDependency section */
		9158DC9F2F539B4D0015B336 /* PBXTargetDependency */ = {
			isa = PBXTargetDependency;
			target = 9158DC8D2F539B4B0015B336 /* Testinging */;
			targetProxy = 9158DC9E2F539B4D0015B336 /* PBXContainerItemProxy */;
		};
		9158DCA92F539B4D0015B336 /* PBXTargetDependency */ = {
			isa = PBXTargetDependency;
			target = 9158DC8D2F539B4B0015B336 /* Testinging */;
			targetProxy = 9158DCA82F539B4D0015B336 /* PBXContainerItemProxy */;
		};
/* End PBXTargetDependency section */

/* Begin XCBuildConfiguration section */
		9158DCAF2F539B4D0015B336 /* Debug */ = {
			isa = XCBuildConfiguration;
			buildSettings = {
				ALWAYS_SEARCH_USER_PATHS = NO;
				ASSETCATALOG_COMPILER_GENERATE_SWIFT_ASSET_SYMBOL_EXTENSIONS = YES;
				CLANG_ANALYZER_NONNULL = YES;
				CLANG_ANALYZER_NUMBER_OBJECT_CONVERSION = YES_AGGRESSIVE;
				CLANG_CXX_LANGUAGE_STANDARD = "gnu++20";
				CLANG_ENABLE_MODULES = YES;
				CLANG_ENABLE_OBJC_ARC = YES;
				CLANG_ENABLE_OBJC_WEAK = YES;
				CLANG_WARN_BLOCK_CAPTURE_AUTORELEASING = YES;
				CLANG_WARN_BOOL_CONVERSION = YES;
				CLANG_WARN_COMMA = YES;
				CLANG_WARN_CONSTANT_CONVERSION = YES;
				CLANG_WARN_DEPRECATED_OBJC_IMPLEMENTATIONS = YES;
				CLANG_WARN_DIRECT_OBJC_ISA_USAGE = YES_ERROR;
				CLANG_WARN_DOCUMENTATION_COMMENTS = YES;
				CLANG_WARN_EMPTY_BODY = YES;
				CLANG_WARN_ENUM_CONVERSION = YES;
				CLANG_WARN_INFINITE_RECURSION = YES;
				CLANG_WARN_INT_CONVERSION = YES;
				CLANG_WARN_NON_LITERAL_NULL_CONVERSION = YES;
				CLANG_WARN_OBJC_IMPLICIT_RETAIN_SELF = YES;
				CLANG_WARN_OBJC_LITERAL_CONVERSION = YES;
				CLANG_WARN_OBJC_ROOT_CLASS = YES_ERROR;
				CLANG_WARN_QUOTED_INCLUDE_IN_FRAMEWORK_HEADER = YES;
				CLANG_WARN_RANGE_LOOP_ANALYSIS = YES;
				CLANG_WARN_STRICT_PROTOTYPES = YES;
				CLANG_WARN_SUSPICIOUS_MOVE = YES;
				CLANG_WARN_UNGUARDED_AVAILABILITY = YES_AGGRESSIVE;
				CLANG_WARN_UNREACHABLE_CODE = YES;
				CLANG_WARN__DUPLICATE_METHOD_MATCH = YES;
				COPY_PHASE_STRIP = NO;
				DEBUG_INFORMATION_FORMAT = dwarf;
				DEVELOPMENT_TEAM = 9HQ27CR55T;
				ENABLE_STRICT_OBJC_MSGSEND = YES;
				ENABLE_TESTABILITY = YES;
				ENABLE_USER_SCRIPT_SANDBOXING = YES;
				GCC_C_LANGUAGE_STANDARD = gnu17;
				GCC_DYNAMIC_NO_PIC = NO;
				GCC_NO_COMMON_BLOCKS = YES;
				GCC_OPTIMIZATION_LEVEL = 0;
				GCC_PREPROCESSOR_DEFINITIONS = (
					"DEBUG=1",
					"$(inherited)",
				);
				GCC_WARN_64_TO_32_BIT_CONVERSION = YES;
				GCC_WARN_ABOUT_RETURN_TYPE = YES_ERROR;
				GCC_WARN_UNDECLARED_SELECTOR = YES;
				GCC_WARN_UNINITIALIZED_AUTOS = YES_AGGRESSIVE;
				GCC_WARN_UNUSED_FUNCTION = YES;
				GCC_WARN_UNUSED_VARIABLE = YES;
				IPHONEOS_DEPLOYMENT_TARGET = 26.2;
				LOCALIZATION_PREFERS_STRING_CATALOGS = YES;
				MTL_ENABLE_DEBUG_INFO = INCLUDE_SOURCE;
				MTL_FAST_MATH = YES;
				ONLY_ACTIVE_ARCH = YES;
				SDKROOT = iphoneos;
				SWIFT_ACTIVE_COMPILATION_CONDITIONS = "DEBUG $(inherited)";
				SWIFT_OPTIMIZATION_LEVEL = "-Onone";
			};
			name = Debug;
		};
		9158DCB02F539B4D0015B336 /* Release */ = {
			isa = XCBuildConfiguration;
			buildSettings = {
				ALWAYS_SEARCH_USER_PATHS = NO;
				ASSETCATALOG_COMPILER_GENERATE_SWIFT_ASSET_SYMBOL_EXTENSIONS = YES;
				CLANG_ANALYZER_NONNULL = YES;
				CLANG_ANALYZER_NUMBER_OBJECT_CONVERSION = YES_AGGRESSIVE;
				CLANG_CXX_LANGUAGE_STANDARD = "gnu++20";
				CLANG_ENABLE_MODULES = YES;
				CLANG_ENABLE_OBJC_ARC = YES;
				CLANG_ENABLE_OBJC_WEAK = YES;
				CLANG_WARN_BLOCK_CAPTURE_AUTORELEASING = YES;
				CLANG_WARN_BOOL_CONVERSION = YES;
				CLANG_WARN_COMMA = YES;
				CLANG_WARN_CONSTANT_CONVERSION = YES;
				CLANG_WARN_DEPRECATED_OBJC_IMPLEMENTATIONS = YES;
				CLANG_WARN_DIRECT_OBJC_ISA_USAGE = YES_ERROR;
				CLANG_WARN_DOCUMENTATION_COMMENTS = YES;
				CLANG_WARN_EMPTY_BODY = YES;
				CLANG_WARN_ENUM_CONVERSION = YES;
				CLANG_WARN_INFINITE_RECURSION = YES;
				CLANG_WARN_INT_CONVERSION = YES;
				CLANG_WARN_NON_LITERAL_NULL_CONVERSION = YES;
				CLANG_WARN_OBJC_IMPLICIT_RETAIN_SELF = YES;
				CLANG_WARN_OBJC_LITERAL_CONVERSION = YES;
				CLANG_WARN_OBJC_ROOT_CLASS = YES_ERROR;
				CLANG_WARN_QUOTED_INCLUDE_IN_FRAMEWORK_HEADER = YES;
				CLANG_WARN_RANGE_LOOP_ANALYSIS = YES;
				CLANG_WARN_STRICT_PROTOTYPES = YES;
				CLANG_WARN_SUSPICIOUS_MOVE = YES;
				CLANG_WARN_UNGUARDED_AVAILABILITY = YES_AGGRESSIVE;
				CLANG_WARN_UNREACHABLE_CODE = YES;
				CLANG_WARN__DUPLICATE_METHOD_MATCH = YES;
				COPY_PHASE_STRIP = NO;
				DEBUG_INFORMATION_FORMAT = "dwarf-with-dsym";
				DEVELOPMENT_TEAM = 9HQ27CR55T;
				ENABLE_NS_ASSERTIONS = NO;
				ENABLE_STRICT_OBJC_MSGSEND = YES;
				ENABLE_USER_SCRIPT_SANDBOXING = YES;
				GCC_C_LANGUAGE_STANDARD = gnu17;
				GCC_NO_COMMON_BLOCKS = YES;
				GCC_WARN_64_TO_32_BIT_CONVERSION = YES;
				GCC_WARN_ABOUT_RETURN_TYPE = YES_ERROR;
				GCC_WARN_UNDECLARED_SELECTOR = YES;
				GCC_WARN_UNINITIALIZED_AUTOS = YES_AGGRESSIVE;
				GCC_WARN_UNUSED_FUNCTION = YES;
				GCC_WARN_UNUSED_VARIABLE = YES;
				IPHONEOS_DEPLOYMENT_TARGET = 26.2;
				LOCALIZATION_PREFERS_STRING_CATALOGS = YES;
				MTL_ENABLE_DEBUG_INFO = NO;
				MTL_FAST_MATH = YES;
				SDKROOT = iphoneos;
				SWIFT_COMPILATION_MODE = wholemodule;
				VALIDATE_PRODUCT = YES;
			};
			name = Release;
		};
		9158DCB22F539B4D0015B336 /* Debug */ = {
			isa = XCBuildConfiguration;
			buildSettings = {
				ASSETCATALOG_COMPILER_APPICON_NAME = AppIcon;
				ASSETCATALOG_COMPILER_GLOBAL_ACCENT_COLOR_NAME = AccentColor;
				CODE_SIGN_ENTITLEMENTS = Testinging/Testinging.entitlements;
				CODE_SIGN_STYLE = Automatic;
				CURRENT_PROJECT_VERSION = 1;
				DEVELOPMENT_TEAM = 9HQ27CR55T;
				ENABLE_PREVIEWS = YES;
				GENERATE_INFOPLIST_FILE = YES;
				INFOPLIST_KEY_NSCameraUsageDescription = "This app uses the camera to count pushups before sending or undoing a challenge.";
				INFOPLIST_KEY_UIApplicationSceneManifest_Generation = YES;
				INFOPLIST_KEY_UIApplicationSupportsIndirectInputEvents = YES;
				INFOPLIST_KEY_UILaunchScreen_Generation = YES;
				INFOPLIST_KEY_UISupportedInterfaceOrientations_iPad = "UIInterfaceOrientationPortrait UIInterfaceOrientationPortraitUpsideDown UIInterfaceOrientationLandscapeLeft UIInterfaceOrientationLandscapeRight";
				INFOPLIST_KEY_UISupportedInterfaceOrientations_iPhone = "UIInterfaceOrientationPortrait UIInterfaceOrientationLandscapeLeft UIInterfaceOrientationLandscapeRight";
				LD_RUNPATH_SEARCH_PATHS = (
					"$(inherited)",
					"@executable_path/Frameworks",
				);
				MARKETING_VERSION = 1.0;
				PRODUCT_BUNDLE_IDENTIFIER = MeunstersInc.Testinging;
				PRODUCT_NAME = "$(TARGET_NAME)";
				STRING_CATALOG_GENERATE_SYMBOLS = YES;
				SWIFT_APPROACHABLE_CONCURRENCY = YES;
				SWIFT_DEFAULT_ACTOR_ISOLATION = MainActor;
				SWIFT_EMIT_LOC_STRINGS = YES;
				SWIFT_UPCOMING_FEATURE_MEMBER_IMPORT_VISIBILITY = YES;
				SWIFT_VERSION = 5.0;
				TARGETED_DEVICE_FAMILY = "1,2";
			};
			name = Debug;
		};
		9158DCB32F539B4D0015B336 /* Release */ = {
			isa = XCBuildConfiguration;
			buildSettings = {
				ASSETCATALOG_COMPILER_APPICON_NAME = AppIcon;
				ASSETCATALOG_COMPILER_GLOBAL_ACCENT_COLOR_NAME = AccentColor;
				CODE_SIGN_ENTITLEMENTS = Testinging/Testinging.entitlements;
				CODE_SIGN_STYLE = Automatic;
				CURRENT_PROJECT_VERSION = 1;
				DEVELOPMENT_TEAM = 9HQ27CR55T;
				ENABLE_PREVIEWS = YES;
				GENERATE_INFOPLIST_FILE = YES;
				INFOPLIST_KEY_NSCameraUsageDescription = "This app uses the camera to count pushups before sending or undoing a challenge.";
				INFOPLIST_KEY_UIApplicationSceneManifest_Generation = YES;
				INFOPLIST_KEY_UIApplicationSupportsIndirectInputEvents = YES;
				INFOPLIST_KEY_UILaunchScreen_Generation = YES;
				INFOPLIST_KEY_UISupportedInterfaceOrientations_iPad = "UIInterfaceOrientationPortrait UIInterfaceOrientationPortraitUpsideDown UIInterfaceOrientationLandscapeLeft UIInterfaceOrientationLandscapeRight";
				INFOPLIST_KEY_UISupportedInterfaceOrientations_iPhone = "UIInterfaceOrientationPortrait UIInterfaceOrientationLandscapeLeft UIInterfaceOrientationLandscapeRight";
				LD_RUNPATH_SEARCH_PATHS = (
					"$(inherited)",
					"@executable_path/Frameworks",
				);
				MARKETING_VERSION = 1.0;
				PRODUCT_BUNDLE_IDENTIFIER = MeunstersInc.Testinging;
				PRODUCT_NAME = "$(TARGET_NAME)";
				STRING_CATALOG_GENERATE_SYMBOLS = YES;
				SWIFT_APPROACHABLE_CONCURRENCY = YES;
				SWIFT_DEFAULT_ACTOR_ISOLATION = MainActor;
				SWIFT_EMIT_LOC_STRINGS = YES;
				SWIFT_UPCOMING_FEATURE_MEMBER_IMPORT_VISIBILITY = YES;
				SWIFT_VERSION = 5.0;
				TARGETED_DEVICE_FAMILY = "1,2";
			};
			name = Release;
		};
		9158DCB52F539B4D0015B336 /* Debug */ = {
			isa = XCBuildConfiguration;
			buildSettings = {
				BUNDLE_LOADER = "$(TEST_HOST)";
				CODE_SIGN_STYLE = Automatic;
				CURRENT_PROJECT_VERSION = 1;
				DEVELOPMENT_TEAM = 9HQ27CR55T;
				GENERATE_INFOPLIST_FILE = YES;
				IPHONEOS_DEPLOYMENT_TARGET = 26.2;
				MARKETING_VERSION = 1.0;
				PRODUCT_BUNDLE_IDENTIFIER = MeunstersInc.TestingingTests;
				PRODUCT_NAME = "$(TARGET_NAME)";
				STRING_CATALOG_GENERATE_SYMBOLS = NO;
				SWIFT_APPROACHABLE_CONCURRENCY = YES;
				SWIFT_EMIT_LOC_STRINGS = NO;
				SWIFT_UPCOMING_FEATURE_MEMBER_IMPORT_VISIBILITY = YES;
				SWIFT_VERSION = 5.0;
				TARGETED_DEVICE_FAMILY = "1,2";
				TEST_HOST = "$(BUILT_PRODUCTS_DIR)/Testinging.app/$(BUNDLE_EXECUTABLE_FOLDER_PATH)/Testinging";
			};
			name = Debug;
		};
		9158DCB62F539B4D0015B336 /* Release */ = {
			isa = XCBuildConfiguration;
			buildSettings = {
				BUNDLE_LOADER = "$(TEST_HOST)";
				CODE_SIGN_STYLE = Automatic;
				CURRENT_PROJECT_VERSION = 1;
				DEVELOPMENT_TEAM = 9HQ27CR55T;
				GENERATE_INFOPLIST_FILE = YES;
				IPHONEOS_DEPLOYMENT_TARGET = 26.2;
				MARKETING_VERSION = 1.0;
				PRODUCT_BUNDLE_IDENTIFIER = MeunstersInc.TestingingTests;
				PRODUCT_NAME = "$(TARGET_NAME)";
				STRING_CATALOG_GENERATE_SYMBOLS = NO;
				SWIFT_APPROACHABLE_CONCURRENCY = YES;
				SWIFT_EMIT_LOC_STRINGS = NO;
				SWIFT_UPCOMING_FEATURE_MEMBER_IMPORT_VISIBILITY = YES;
				SWIFT_VERSION = 5.0;
				TARGETED_DEVICE_FAMILY = "1,2";
				TEST_HOST = "$(BUILT_PRODUCTS_DIR)/Testinging.app/$(BUNDLE_EXECUTABLE_FOLDER_PATH)/Testinging";
			};
			name = Release;
		};
		9158DCB82F539B4D0015B336 /* Debug */ = {
			isa = XCBuildConfiguration;
			buildSettings = {
				CODE_SIGN_STYLE = Automatic;
				CURRENT_PROJECT_VERSION = 1;
				DEVELOPMENT_TEAM = 9HQ27CR55T;
				GENERATE_INFOPLIST_FILE = YES;
				MARKETING_VERSION = 1.0;
				PRODUCT_BUNDLE_IDENTIFIER = MeunstersInc.TestingingUITests;
				PRODUCT_NAME = "$(TARGET_NAME)";
				STRING_CATALOG_GENERATE_SYMBOLS = NO;
				SWIFT_APPROACHABLE_CONCURRENCY = YES;
				SWIFT_EMIT_LOC_STRINGS = NO;
				SWIFT_UPCOMING_FEATURE_MEMBER_IMPORT_VISIBILITY = YES;
				SWIFT_VERSION = 5.0;
				TARGETED_DEVICE_FAMILY = "1,2";
				TEST_TARGET_NAME = Testinging;
			};
			name = Debug;
		};
		9158DCB92F539B4D0015B336 /* Release */ = {
			isa = XCBuildConfiguration;
			buildSettings = {
				CODE_SIGN_STYLE = Automatic;
				CURRENT_PROJECT_VERSION = 1;
				DEVELOPMENT_TEAM = 9HQ27CR55T;
				GENERATE_INFOPLIST_FILE = YES;
				MARKETING_VERSION = 1.0;
				PRODUCT_BUNDLE_IDENTIFIER = MeunstersInc.TestingingUITests;
				PRODUCT_NAME = "$(TARGET_NAME)";
				STRING_CATALOG_GENERATE_SYMBOLS = NO;
				SWIFT_APPROACHABLE_CONCURRENCY = YES;
				SWIFT_EMIT_LOC_STRINGS = NO;
				SWIFT_UPCOMING_FEATURE_MEMBER_IMPORT_VISIBILITY = YES;
				SWIFT_VERSION = 5.0;
				TARGETED_DEVICE_FAMILY = "1,2";
				TEST_TARGET_NAME = Testinging;
			};
			name = Release;
		};
/* End XCBuildConfiguration section */

/* Begin XCConfigurationList section */
		9158DC892F539B4B0015B336 /* Build configuration list for PBXProject "Testinging" */ = {
			isa = XCConfigurationList;
			buildConfigurations = (
				9158DCAF2F539B4D0015B336 /* Debug */,
				9158DCB02F539B4D0015B336 /* Release */,
			);
			defaultConfigurationIsVisible = 0;
			defaultConfigurationName = Release;
		};
		9158DCB12F539B4D0015B336 /* Build configuration list for PBXNativeTarget "Testinging" */ = {
			isa = XCConfigurationList;
			buildConfigurations = (
				9158DCB22F539B4D0015B336 /* Debug */,
				9158DCB32F539B4D0015B336 /* Release */,
			);
			defaultConfigurationIsVisible = 0;
			defaultConfigurationName = Release;
		};
		9158DCB42F539B4D0015B336 /* Build configuration list for PBXNativeTarget "TestingingTests" */ = {
			isa = XCConfigurationList;
			buildConfigurations = (
				9158DCB52F539B4D0015B336 /* Debug */,
				9158DCB62F539B4D0015B336 /* Release */,
			);
			defaultConfigurationIsVisible = 0;
			defaultConfigurationName = Release;
		};
		9158DCB72F539B4D0015B336 /* Build configuration list for PBXNativeTarget "TestingingUITests" */ = {
			isa = XCConfigurationList;
			buildConfigurations = (
				9158DCB82F539B4D0015B336 /* Debug */,
				9158DCB92F539B4D0015B336 /* Release */,
			);
			defaultConfigurationIsVisible = 0;
			defaultConfigurationName = Release;
		};
/* End XCConfigurationList section */

/* Begin XCRemoteSwiftPackageReference section */
		9158DCC02F539B4E0015B336 /* XCRemoteSwiftPackageReference "firebase-ios-sdk" */ = {
			isa = XCRemoteSwiftPackageReference;
			repositoryURL = "https://github.com/firebase/firebase-ios-sdk.git";
			requirement = {
				kind = upToNextMajorVersion;
				minimumVersion = 11.0.0;
			};
		};
/* End XCRemoteSwiftPackageReference section */

/* Begin XCSwiftPackageProductDependency section */
		9158DCC12F539B4E0015B336 /* FirebaseCore */ = {
			isa = XCSwiftPackageProductDependency;
			package = 9158DCC02F539B4E0015B336 /* XCRemoteSwiftPackageReference "firebase-ios-sdk" */;
			productName = FirebaseCore;
		};
		9158DCC22F539B4E0015B336 /* FirebaseFirestore */ = {
			isa = XCSwiftPackageProductDependency;
			package = 9158DCC02F539B4E0015B336 /* XCRemoteSwiftPackageReference "firebase-ios-sdk" */;
			productName = FirebaseFirestore;
		};
		9158DCC32F539B4E0015B336 /* FirebaseAuth */ = {
			isa = XCSwiftPackageProductDependency;
			package = 9158DCC02F539B4E0015B336 /* XCRemoteSwiftPackageReference "firebase-ios-sdk" */;
			productName = FirebaseAuth;
		};
		9158DCC42F539B4E0015B336 /* FirebaseStorage */ = {
			isa = XCSwiftPackageProductDependency;
			package = 9158DCC02F539B4E0015B336 /* XCRemoteSwiftPackageReference "firebase-ios-sdk" */;
			productName = FirebaseStorage;
		};
		9158DCC52F539B4E0015B336 /* FirebaseMessaging */ = {
			isa = XCSwiftPackageProductDependency;
			package = 9158DCC02F539B4E0015B336 /* XCRemoteSwiftPackageReference "firebase-ios-sdk" */;
			productName = FirebaseMessaging;
		};
/* End XCSwiftPackageProductDependency section */
	};
	rootObject = 9158DC862F539B4B0015B336 /* Project object */;
}
